{
  "name": "@pallad/security-tokens-jwt",
  "version": "4.0.2",
  "lockfileVersion": 2,
  "requires": true,
  "packages": {
    "": {
      "name": "@pallad/security-tokens-jwt",
      "version": "4.0.2",
      "license": "MIT",
      "dependencies": {
        "@pallad/errors": "^1",
        "@pallad/secret": "^1.0.2",
        "@sweet-monads/either": "^3",
        "@types/jsonwebtoken": "^9",
        "@types/luxon": "^3.3.7",
        "jsonwebtoken": "^9",
        "lru-cache": "^10",
        "luxon": "^3",
        "predicates": "^2.0.3",
        "tslib": "^2"
      },
      "devDependencies": {
        "@pallad/errors-dev": "^1",
        "@pallad/security-tokens": "^3.1.0"
      },
      "peerDependencies": {
        "@pallad/keyring": "^1.2.0",
        "@pallad/security-tokens": "*"
      }
    },
    "node_modules/@pallad/assert-helper": {
      "version": "3.0.0",
      "resolved": "https://registry.npmjs.org/@pallad/assert-helper/-/assert-helper-3.0.0.tgz",
      "integrity": "sha512-gxQYyMGcvrH+veJROlttqya/uI7eVFMtmvdFUyM1XzQ6SOeHtFkj6o1VsDMFmJFLzneSnxCW+IXd3oGdMqlVTg==",
      "peer": true,
      "dependencies": {
        "@sweet-monads/either": "^3.1.0",
        "@sweet-monads/maybe": "^3.1.0",
        "predicates": "^2.0.3",
        "tslib": "^2"
      }
    },
    "node_modules/@pallad/builder": {
      "version": "1.0.1",
      "resolved": "https://registry.npmjs.org/@pallad/builder/-/builder-1.0.1.tgz",
      "integrity": "sha512-0P0vZ19MdS00BoSrFD8BOdTc+WEIHqp6E0x7XADj3yS+fsUEblJib2l8eAaaIkRKO7qZBQeC3zk+EODhpkZ3+w==",
      "peer": true
    },
    "node_modules/@pallad/compare": {
      "version": "1.2.0",
      "resolved": "https://registry.npmjs.org/@pallad/compare/-/compare-1.2.0.tgz",
      "integrity": "sha512-reXi3EkI1iEFtNPHQ3rmy/pUXLwAksbj7ek7NPDTxy/mFQy0g2JL0dT+UI/pAAJ96IldsfVA5vhMDf/p+bUb7w==",
      "peer": true,
      "dependencies": {
        "tslib": "^2.4.1"
      }
    },
    "node_modules/@pallad/errors": {
      "version": "1.0.1",
      "resolved": "https://registry.npmjs.org/@pallad/errors/-/errors-1.0.1.tgz",
      "integrity": "sha512-v4NL/PZvZ+Wt/WX3+qd5kU0Uz/Yiw0q+CbHMXVyr4YcUuKNrm1V1KQ/a9oZ3bnvp56kRElpNW2QWpVdZKscmyw==",
      "dependencies": {
        "@pallad/type-check": "^1.2.0"
      }
    },
    "node_modules/@pallad/errors-dev": {
      "version": "1.1.0",
      "resolved": "https://registry.npmjs.org/@pallad/errors-dev/-/errors-dev-1.1.0.tgz",
      "integrity": "sha512-jiyPDvdNqzmYGvNzu50GSnirdLCY+2imoJ7fZMH7kiDIYqbIlWMlq/aFQiimjESCNORQeC+81/d155Roypsawg==",
      "dev": true,
      "dependencies": {
        "@pallad/errors": "^1.0.1"
      }
    },
    "node_modules/@pallad/keyring": {
      "version": "1.6.0",
      "resolved": "https://registry.npmjs.org/@pallad/keyring/-/keyring-1.6.0.tgz",
      "integrity": "sha512-rpWFSGgggkpeT57DJJT1o937c6fzK4JpbTl0sv55SHdfd0rumXLClbKSbwQpezl8Yrt3vhH1IsTkL9z3659SmA==",
      "peer": true,
      "dependencies": {
        "@pallad/assert-helper": "^3.0.0",
        "@pallad/errors": "^1.0.1",
        "@pallad/range": "^3.1.0",
        "@pallad/secret": "^1.1.1",
        "@sweet-monads/either": "^3.3.1",
        "zod": "^3.22.4"
      }
    },
    "node_modules/@pallad/range": {
      "version": "3.1.0",
      "resolved": "https://registry.npmjs.org/@pallad/range/-/range-3.1.0.tgz",
      "integrity": "sha512-m8Wz5IBiFRNKZm44JkFAz/wJyCe2G+x4rII4fbFfAVu76nl8jAmabVqyTCAVksufPtb1bgCjBzesKiyYxBSk8A==",
      "peer": true,
      "dependencies": {
        "@pallad/compare": "^1.2.0",
        "@pallad/type-check": "^1.2.0",
        "alpha-errors": "^0.4.0"
      }
    },
    "node_modules/@pallad/secret": {
      "version": "1.1.1",
      "resolved": "https://registry.npmjs.org/@pallad/secret/-/secret-1.1.1.tgz",
      "integrity": "sha512-pthoZPUqpx67ll2MDQF5xVv/qZjb8ATEqkHONVL5x5UAhMfegA+YEOoEx5J4NWBeQyqA7p8QkrmlmiuYXDaDDg==",
      "dependencies": {
        "predicates": "^2.0.3"
      },
      "peerDependencies": {
        "tslib": "^2"
      }
    },
    "node_modules/@pallad/security-tokens": {
      "version": "3.1.0",
      "resolved": "https://registry.npmjs.org/@pallad/security-tokens/-/security-tokens-3.1.0.tgz",
      "integrity": "sha512-HleMkjA9alkUkn6wj/3ZxENWkSSZ1TNg5Tvn/HXxCidqYvJMPClIGp7/iaTWd56jYIW/Cfvd23bLc2GxatlwYg==",
      "dev": true,
      "dependencies": {
        "@pallad/errors": "^1",
        "@pallad/type-check": "^1.2.0"
      }
    },
    "node_modules/@pallad/type-check": {
      "version": "1.2.0",
      "resolved": "https://registry.npmjs.org/@pallad/type-check/-/type-check-1.2.0.tgz",
      "integrity": "sha512-l3b6qF2XEOPZKm2RXgHA1vOH5BcCPNnrvKX7syPXmdQ8PMxs84rNIrNNmoKk+LcPT/EJB157/rYjvDD2L1uISA=="
    },
    "node_modules/@sweet-monads/either": {
      "version": "3.3.1",
      "resolved": "https://registry.npmjs.org/@sweet-monads/either/-/either-3.3.1.tgz",
      "integrity": "sha512-9Yi6KITRWJ1dIiO2XD5HTa3P2KSYIuZBMOHNqpDetpFTjwe5WJJqjCIIc0Bw1mkTfAbqhLhDov6BGK8MEGrLXQ==",
      "dependencies": {
        "@sweet-monads/interfaces": "^3.3.0"
      }
    },
    "node_modules/@sweet-monads/interfaces": {
      "version": "3.3.0",
      "resolved": "https://registry.npmjs.org/@sweet-monads/interfaces/-/interfaces-3.3.0.tgz",
      "integrity": "sha512-66akGvjPD4lizQy+w4JSltJilc2w/QPdw8lPAniLJGHwyjmrw9xMJLx76Q/GDnbCU59Werses4aZJLWOlJrL5A=="
    },
    "node_modules/@sweet-monads/maybe": {
      "version": "3.3.1",
      "resolved": "https://registry.npmjs.org/@sweet-monads/maybe/-/maybe-3.3.1.tgz",
      "integrity": "sha512-aWBg4Uxsw60GEQUByx9nlZ+jhEmQUug6wfDsTNFFH2fRPx3YwwDJAljqYdw3LzYQfAF3a1cyN5VFWDujPPDFpw==",
      "peer": true,
      "dependencies": {
        "@sweet-monads/interfaces": "^3.3.0"
      }
    },
    "node_modules/@types/jsonwebtoken": {
      "version": "9.0.6",
      "resolved": "https://registry.npmjs.org/@types/jsonwebtoken/-/jsonwebtoken-9.0.6.tgz",
      "integrity": "sha512-/5hndP5dCjloafCXns6SZyESp3Ldq7YjH3zwzwczYnjxIT0Fqzk5ROSYVGfFyczIue7IUEj8hkvLbPoLQ18vQw==",
      "dependencies": {
        "@types/node": "*"
      }
    },
    "node_modules/@types/luxon": {
      "version": "3.4.2",
      "resolved": "https://registry.npmjs.org/@types/luxon/-/luxon-3.4.2.tgz",
      "integrity": "sha512-TifLZlFudklWlMBfhubvgqTXRzLDI5pCbGa4P8a3wPyUQSW+1xQ5eDsreP9DWHX3tjq1ke96uYG/nwundroWcA=="
    },
    "node_modules/@types/node": {
      "version": "18.11.9",
      "resolved": "https://registry.npmjs.org/@types/node/-/node-18.11.9.tgz",
      "integrity": "sha512-CRpX21/kGdzjOpFsZSkcrXMGIBWMGNIHXXBVFSH+ggkftxg+XYP20TESbh+zFvFj3EQOl5byk0HTRn1IL6hbqg=="
    },
    "node_modules/alpha-errors": {
      "version": "0.4.0",
      "resolved": "https://registry.npmjs.org/alpha-errors/-/alpha-errors-0.4.0.tgz",
      "integrity": "sha512-5wPqDzK6AuSVFWIy5wI8UQDziDiSX/LIOf50kvwJUseiXGAL7d3bTlgwQokC8BF0l8OiwKHCeQjj4CQf1EfUAQ==",
      "peer": true,
      "dependencies": {
        "@pallad/builder": "^1.0.1"
      }
    },
    "node_modules/array-find": {
      "version": "1.0.0",
      "resolved": "https://registry.npmjs.org/array-find/-/array-find-1.0.0.tgz",
      "integrity": "sha512-kO/vVCacW9mnpn3WPWbTVlEnOabK2L7LWi2HViURtCM46y1zb6I8UMjx4LgbiqadTgHnLInUronwn3ampNTJtQ=="
    },
    "node_modules/buffer-equal-constant-time": {
      "version": "1.0.1",
      "resolved": "https://registry.npmjs.org/buffer-equal-constant-time/-/buffer-equal-constant-time-1.0.1.tgz",
      "integrity": "sha512-zRpUiDwd/xk6ADqPMATG8vc9VPrkck7T07OIx0gnjmJAnHnTVXNQG3vfvWNuiZIkwu9KrKdA1iJKfsfTVxE6NA=="
    },
    "node_modules/ecdsa-sig-formatter": {
      "version": "1.0.11",
      "resolved": "https://registry.npmjs.org/ecdsa-sig-formatter/-/ecdsa-sig-formatter-1.0.11.tgz",
      "integrity": "sha512-nagl3RYrbNv6kQkeJIpt6NJZy8twLB/2vtz6yN9Z4vRKHN4/QZJIEbqohALSgwKdnksuY3k5Addp5lg8sVoVcQ==",
      "dependencies": {
        "safe-buffer": "^5.0.1"
      }
    },
    "node_modules/jsonwebtoken": {
      "version": "9.0.2",
      "resolved": "https://registry.npmjs.org/jsonwebtoken/-/jsonwebtoken-9.0.2.tgz",
      "integrity": "sha512-PRp66vJ865SSqOlgqS8hujT5U4AOgMfhrwYIuIhfKaoSCZcirrmASQr8CX7cUg+RMih+hgznrjp99o+W4pJLHQ==",
      "dependencies": {
        "jws": "^3.2.2",
        "lodash.includes": "^4.3.0",
        "lodash.isboolean": "^3.0.3",
        "lodash.isinteger": "^4.0.4",
        "lodash.isnumber": "^3.0.3",
        "lodash.isplainobject": "^4.0.6",
        "lodash.isstring": "^4.0.1",
        "lodash.once": "^4.0.0",
        "ms": "^2.1.1",
        "semver": "^7.5.4"
      },
      "engines": {
        "node": ">=12",
        "npm": ">=6"
      }
    },
    "node_modules/jwa": {
      "version": "1.4.1",
      "resolved": "https://registry.npmjs.org/jwa/-/jwa-1.4.1.tgz",
      "integrity": "sha512-qiLX/xhEEFKUAJ6FiBMbes3w9ATzyk5W7Hvzpa/SLYdxNtng+gcurvrI7TbACjIXlsJyr05/S1oUhZrc63evQA==",
      "dependencies": {
        "buffer-equal-constant-time": "1.0.1",
        "ecdsa-sig-formatter": "1.0.11",
        "safe-buffer": "^5.0.1"
      }
    },
    "node_modules/jws": {
      "version": "3.2.2",
      "resolved": "https://registry.npmjs.org/jws/-/jws-3.2.2.tgz",
      "integrity": "sha512-YHlZCB6lMTllWDtSPHz/ZXTsi8S00usEV6v1tjq8tOUZzw7DpSDWVXjXDre6ed1w/pd495ODpHZYSdkRTsa0HA==",
      "dependencies": {
        "jwa": "^1.4.1",
        "safe-buffer": "^5.0.1"
      }
    },
    "node_modules/lodash.includes": {
      "version": "4.3.0",
      "resolved": "https://registry.npmjs.org/lodash.includes/-/lodash.includes-4.3.0.tgz",
      "integrity": "sha512-W3Bx6mdkRTGtlJISOvVD/lbqjTlPPUDTMnlXZFnVwi9NKJ6tiAk6LVdlhZMm17VZisqhKcgzpO5Wz91PCt5b0w=="
    },
    "node_modules/lodash.isboolean": {
      "version": "3.0.3",
      "resolved": "https://registry.npmjs.org/lodash.isboolean/-/lodash.isboolean-3.0.3.tgz",
      "integrity": "sha512-Bz5mupy2SVbPHURB98VAcw+aHh4vRV5IPNhILUCsOzRmsTmSQ17jIuqopAentWoehktxGd9e/hbIXq980/1QJg=="
    },
    "node_modules/lodash.isinteger": {
      "version": "4.0.4",
      "resolved": "https://registry.npmjs.org/lodash.isinteger/-/lodash.isinteger-4.0.4.tgz",
      "integrity": "sha512-DBwtEWN2caHQ9/imiNeEA5ys1JoRtRfY3d7V9wkqtbycnAmTvRRmbHKDV4a0EYc678/dia0jrte4tjYwVBaZUA=="
    },
    "node_modules/lodash.isnumber": {
      "version": "3.0.3",
      "resolved": "https://registry.npmjs.org/lodash.isnumber/-/lodash.isnumber-3.0.3.tgz",
      "integrity": "sha512-QYqzpfwO3/CWf3XP+Z+tkQsfaLL/EnUlXWVkIk5FUPc4sBdTehEqZONuyRt2P67PXAk+NXmTBcc97zw9t1FQrw=="
    },
    "node_modules/lodash.isplainobject": {
      "version": "4.0.6",
      "resolved": "https://registry.npmjs.org/lodash.isplainobject/-/lodash.isplainobject-4.0.6.tgz",
      "integrity": "sha512-oSXzaWypCMHkPC3NvBEaPHf0KsA5mvPrOPgQWDsbg8n7orZ290M0BmC/jgRZ4vcJ6DTAhjrsSYgdsW/F+MFOBA=="
    },
    "node_modules/lodash.isstring": {
      "version": "4.0.1",
      "resolved": "https://registry.npmjs.org/lodash.isstring/-/lodash.isstring-4.0.1.tgz",
      "integrity": "sha512-0wJxfxH1wgO3GrbuP+dTTk7op+6L41QCXbGINEmD+ny/G/eCqGzxyCsh7159S+mgDDcoarnBw6PC1PS5+wUGgw=="
    },
    "node_modules/lodash.once": {
      "version": "4.1.1",
      "resolved": "https://registry.npmjs.org/lodash.once/-/lodash.once-4.1.1.tgz",
      "integrity": "sha512-Sb487aTOCr9drQVL8pIxOzVhafOjZN9UU54hiN8PU3uAiSV7lx1yYNpbNmex2PK6dSJoNTSJUUswT651yww3Mg=="
    },
    "node_modules/lru-cache": {
      "version": "10.4.3",
      "resolved": "https://registry.npmjs.org/lru-cache/-/lru-cache-10.4.3.tgz",
      "integrity": "sha512-JNAzZcXrCt42VGLuYz0zfAzDfAvJWW6AfYlDBQyDV5DClI2m5sAmK+OIO7s59XfsRsWHp02jAJrRadPRGTt6SQ=="
    },
    "node_modules/luxon": {
      "version": "3.4.4",
      "resolved": "https://registry.npmjs.org/luxon/-/luxon-3.4.4.tgz",
      "integrity": "sha512-zobTr7akeGHnv7eBOXcRgMeCP6+uyYsczwmeRCauvpvaAltgNyTbLH/+VaEAPUeWBT+1GuNmz4wC/6jtQzbbVA==",
      "engines": {
        "node": ">=12"
      }
    },
    "node_modules/ms": {
      "version": "2.1.3",
      "resolved": "https://registry.npmjs.org/ms/-/ms-2.1.3.tgz",
      "integrity": "sha512-6FlzubTLZG3J2a/NVCAleEhjzq5oxgHyaCU9yYXvcLsvoVaHJq/s5xXI6/XXP6tz7R9xAOtHnSO/tXtF3WRTlA=="
    },
    "node_modules/predicates": {
      "version": "2.0.3",
      "resolved": "https://registry.npmjs.org/predicates/-/predicates-2.0.3.tgz",
      "integrity": "sha512-eL+bhIiWrD+kx/olyYBcAFn258Oo9MTB7iehgBIaflVS8DBLuVtQvOpwgWwlya6YFUIiKaVoA3HaBNJuVNcyIA==",
      "dependencies": {
        "array-find": "^1.0.0"
      },
      "engines": {
        "node": ">=4.3"
      }
    },
    "node_modules/safe-buffer": {
      "version": "5.2.1",
      "resolved": "https://registry.npmjs.org/safe-buffer/-/safe-buffer-5.2.1.tgz",
      "integrity": "sha512-rp3So07KcdmmKbGvgaNxQSJr7bGVSVk5S9Eq1F+ppbRo70+YeaDxkw5Dd8NPN+GD6bjnYm2VuPuCXmpuYvmCXQ==",
      "funding": [
        {
          "type": "github",
          "url": "https://github.com/sponsors/feross"
        },
        {
          "type": "patreon",
          "url": "https://www.patreon.com/feross"
        },
        {
          "type": "consulting",
          "url": "https://feross.org/support"
        }
      ]
    },
    "node_modules/semver": {
      "version": "7.6.2",
      "resolved": "https://registry.npmjs.org/semver/-/semver-7.6.2.tgz",
      "integrity": "sha512-FNAIBWCx9qcRhoHcgcJ0gvU7SN1lYU2ZXuSfl04bSC5OpvDHFyJCjdNHomPXxjQlCBU67YW64PzY7/VIEH7F2w==",
      "bin": {
        "semver": "bin/semver.js"
      },
      "engines": {
        "node": ">=10"
      }
    },
    "node_modules/tslib": {
      "version": "2.4.1",
      "resolved": "https://registry.npmjs.org/tslib/-/tslib-2.4.1.tgz",
      "integrity": "sha512-tGyy4dAjRIEwI7BzsB0lynWgOpfqjUdq91XXAlIWD2OwKBH7oCl/GZG/HT4BOHrTlPMOASlMQ7veyTqpmRcrNA=="
    },
    "node_modules/zod": {
      "version": "3.23.8",
      "resolved": "https://registry.npmjs.org/zod/-/zod-3.23.8.tgz",
      "integrity": "sha512-XBx9AXhXktjUqnepgTiE5flcKIYWi/rme0Eaj+5Y0lftuGBq+jyRu/md4WnuxqgP1ubdpNCsYEYPxrzVHD8d6g==",
      "peer": true,
      "funding": {
        "url": "https://github.com/sponsors/colinhacks"
      }
    }
  },
  "dependencies": {
    "@pallad/assert-helper": {
      "version": "3.0.0",
      "resolved": "https://registry.npmjs.org/@pallad/assert-helper/-/assert-helper-3.0.0.tgz",
      "integrity": "sha512-gxQYyMGcvrH+veJROlttqya/uI7eVFMtmvdFUyM1XzQ6SOeHtFkj6o1VsDMFmJFLzneSnxCW+IXd3oGdMqlVTg==",
      "peer": true,
      "requires": {
        "@sweet-monads/either": "^3.1.0",
        "@sweet-monads/maybe": "^3.1.0",
        "predicates": "^2.0.3",
        "tslib": "^2"
      }
    },
    "@pallad/builder": {
      "version": "1.0.1",
      "resolved": "https://registry.npmjs.org/@pallad/builder/-/builder-1.0.1.tgz",
      "integrity": "sha512-0P0vZ19MdS00BoSrFD8BOdTc+WEIHqp6E0x7XADj3yS+fsUEblJib2l8eAaaIkRKO7qZBQeC3zk+EODhpkZ3+w==",
      "peer": true
    },
    "@pallad/compare": {
      "version": "1.2.0",
      "resolved": "https://registry.npmjs.org/@pallad/compare/-/compare-1.2.0.tgz",
      "integrity": "sha512-reXi3EkI1iEFtNPHQ3rmy/pUXLwAksbj7ek7NPDTxy/mFQy0g2JL0dT+UI/pAAJ96IldsfVA5vhMDf/p+bUb7w==",
      "peer": true,
      "requires": {
        "tslib": "^2.4.1"
      }
    },
    "@pallad/errors": {
      "version": "1.0.1",
      "resolved": "https://registry.npmjs.org/@pallad/errors/-/errors-1.0.1.tgz",
      "integrity": "sha512-v4NL/PZvZ+Wt/WX3+qd5kU0Uz/Yiw0q+CbHMXVyr4YcUuKNrm1V1KQ/a9oZ3bnvp56kRElpNW2QWpVdZKscmyw==",
      "requires": {
        "@pallad/type-check": "^1.2.0"
      }
    },
    "@pallad/errors-dev": {
      "version": "1.1.0",
      "resolved": "https://registry.npmjs.org/@pallad/errors-dev/-/errors-dev-1.1.0.tgz",
      "integrity": "sha512-jiyPDvdNqzmYGvNzu50GSnirdLCY+2imoJ7fZMH7kiDIYqbIlWMlq/aFQiimjESCNORQeC+81/d155Roypsawg==",
      "dev": true,
      "requires": {
        "@pallad/errors": "^1.0.1"
      }
    },
    "@pallad/keyring": {
      "version": "1.6.0",
      "resolved": "https://registry.npmjs.org/@pallad/keyring/-/keyring-1.6.0.tgz",
      "integrity": "sha512-rpWFSGgggkpeT57DJJT1o937c6fzK4JpbTl0sv55SHdfd0rumXLClbKSbwQpezl8Yrt3vhH1IsTkL9z3659SmA==",
      "peer": true,
      "requires": {
        "@pallad/assert-helper": "^3.0.0",
        "@pallad/errors": "^1.0.1",
        "@pallad/range": "^3.1.0",
        "@pallad/secret": "^1.1.1",
        "@sweet-monads/either": "^3.3.1",
        "zod": "^3.22.4"
      }
    },
    "@pallad/range": {
      "version": "3.1.0",
      "resolved": "https://registry.npmjs.org/@pallad/range/-/range-3.1.0.tgz",
      "integrity": "sha512-m8Wz5IBiFRNKZm44JkFAz/wJyCe2G+x4rII4fbFfAVu76nl8jAmabVqyTCAVksufPtb1bgCjBzesKiyYxBSk8A==",
      "peer": true,
      "requires": {
        "@pallad/compare": "^1.2.0",
        "@pallad/type-check": "^1.2.0",
        "alpha-errors": "^0.4.0"
      }
    },
    "@pallad/secret": {
      "version": "1.1.1",
      "resolved": "https://registry.npmjs.org/@pallad/secret/-/secret-1.1.1.tgz",
      "integrity": "sha512-pthoZPUqpx67ll2MDQF5xVv/qZjb8ATEqkHONVL5x5UAhMfegA+YEOoEx5J4NWBeQyqA7p8QkrmlmiuYXDaDDg==",
      "requires": {
        "predicates": "^2.0.3"
      }
    },
    "@pallad/security-tokens": {
      "version": "3.1.0",
      "resolved": "https://registry.npmjs.org/@pallad/security-tokens/-/security-tokens-3.1.0.tgz",
      "integrity": "sha512-HleMkjA9alkUkn6wj/3ZxENWkSSZ1TNg5Tvn/HXxCidqYvJMPClIGp7/iaTWd56jYIW/Cfvd23bLc2GxatlwYg==",
      "dev": true,
      "requires": {
        "@pallad/errors": "^1",
        "@pallad/type-check": "^1.2.0"
      }
    },
    "@pallad/type-check": {
      "version": "1.2.0",
      "resolved": "https://registry.npmjs.org/@pallad/type-check/-/type-check-1.2.0.tgz",
      "integrity": "sha512-l3b6qF2XEOPZKm2RXgHA1vOH5BcCPNnrvKX7syPXmdQ8PMxs84rNIrNNmoKk+LcPT/EJB157/rYjvDD2L1uISA=="
    },
    "@sweet-monads/either": {
      "version": "3.3.1",
      "resolved": "https://registry.npmjs.org/@sweet-monads/either/-/either-3.3.1.tgz",
      "integrity": "sha512-9Yi6KITRWJ1dIiO2XD5HTa3P2KSYIuZBMOHNqpDetpFTjwe5WJJqjCIIc0Bw1mkTfAbqhLhDov6BGK8MEGrLXQ==",
      "requires": {
        "@sweet-monads/interfaces": "^3.3.0"
      }
    },
    "@sweet-monads/interfaces": {
      "version": "3.3.0",
      "resolved": "https://registry.npmjs.org/@sweet-monads/interfaces/-/interfaces-3.3.0.tgz",
      "integrity": "sha512-66akGvjPD4lizQy+w4JSltJilc2w/QPdw8lPAniLJGHwyjmrw9xMJLx76Q/GDnbCU59Werses4aZJLWOlJrL5A=="
    },
    "@sweet-monads/maybe": {
      "version": "3.3.1",
      "resolved": "https://registry.npmjs.org/@sweet-monads/maybe/-/maybe-3.3.1.tgz",
      "integrity": "sha512-aWBg4Uxsw60GEQUByx9nlZ+jhEmQUug6wfDsTNFFH2fRPx3YwwDJAljqYdw3LzYQfAF3a1cyN5VFWDujPPDFpw==",
      "peer": true,
      "requires": {
        "@sweet-monads/interfaces": "^3.3.0"
      }
    },
    "@types/jsonwebtoken": {
      "version": "9.0.6",
      "resolved": "https://registry.npmjs.org/@types/jsonwebtoken/-/jsonwebtoken-9.0.6.tgz",
      "integrity": "sha512-/5hndP5dCjloafCXns6SZyESp3Ldq7YjH3zwzwczYnjxIT0Fqzk5ROSYVGfFyczIue7IUEj8hkvLbPoLQ18vQw==",
      "requires": {
        "@types/node": "*"
      }
    },
    "@types/luxon": {
      "version": "3.4.2",
      "resolved": "https://registry.npmjs.org/@types/luxon/-/luxon-3.4.2.tgz",
      "integrity": "sha512-TifLZlFudklWlMBfhubvgqTXRzLDI5pCbGa4P8a3wPyUQSW+1xQ5eDsreP9DWHX3tjq1ke96uYG/nwundroWcA=="
    },
    "@types/node": {
      "version": "18.11.9",
      "resolved": "https://registry.npmjs.org/@types/node/-/node-18.11.9.tgz",
      "integrity": "sha512-CRpX21/kGdzjOpFsZSkcrXMGIBWMGNIHXXBVFSH+ggkftxg+XYP20TESbh+zFvFj3EQOl5byk0HTRn1IL6hbqg=="
    },
    "alpha-errors": {
      "version": "0.4.0",
      "resolved": "https://registry.npmjs.org/alpha-errors/-/alpha-errors-0.4.0.tgz",
      "integrity": "sha512-5wPqDzK6AuSVFWIy5wI8UQDziDiSX/LIOf50kvwJUseiXGAL7d3bTlgwQokC8BF0l8OiwKHCeQjj4CQf1EfUAQ==",
      "peer": true,
      "requires": {
        "@pallad/builder": "^1.0.1"
      }
    },
    "array-find": {
      "version": "1.0.0",
      "resolved": "https://registry.npmjs.org/array-find/-/array-find-1.0.0.tgz",
      "integrity": "sha512-kO/vVCacW9mnpn3WPWbTVlEnOabK2L7LWi2HViURtCM46y1zb6I8UMjx4LgbiqadTgHnLInUronwn3ampNTJtQ=="
    },
    "buffer-equal-constant-time": {
      "version": "1.0.1",
      "resolved": "https://registry.npmjs.org/buffer-equal-constant-time/-/buffer-equal-constant-time-1.0.1.tgz",
      "integrity": "sha512-zRpUiDwd/xk6ADqPMATG8vc9VPrkck7T07OIx0gnjmJAnHnTVXNQG3vfvWNuiZIkwu9KrKdA1iJKfsfTVxE6NA=="
    },
    "ecdsa-sig-formatter": {
      "version": "1.0.11",
      "resolved": "https://registry.npmjs.org/ecdsa-sig-formatter/-/ecdsa-sig-formatter-1.0.11.tgz",
      "integrity": "sha512-nagl3RYrbNv6kQkeJIpt6NJZy8twLB/2vtz6yN9Z4vRKHN4/QZJIEbqohALSgwKdnksuY3k5Addp5lg8sVoVcQ==",
      "requires": {
        "safe-buffer": "^5.0.1"
      }
    },
    "jsonwebtoken": {
      "version": "9.0.2",
      "resolved": "https://registry.npmjs.org/jsonwebtoken/-/jsonwebtoken-9.0.2.tgz",
      "integrity": "sha512-PRp66vJ865SSqOlgqS8hujT5U4AOgMfhrwYIuIhfKaoSCZcirrmASQr8CX7cUg+RMih+hgznrjp99o+W4pJLHQ==",
      "requires": {
        "jws": "^3.2.2",
        "lodash.includes": "^4.3.0",
        "lodash.isboolean": "^3.0.3",
        "lodash.isinteger": "^4.0.4",
        "lodash.isnumber": "^3.0.3",
        "lodash.isplainobject": "^4.0.6",
        "lodash.isstring": "^4.0.1",
        "lodash.once": "^4.0.0",
        "ms": "^2.1.1",
        "semver": "^7.5.4"
      }
    },
    "jwa": {
      "version": "1.4.1",
      "resolved": "https://registry.npmjs.org/jwa/-/jwa-1.4.1.tgz",
      "integrity": "sha512-qiLX/xhEEFKUAJ6FiBMbes3w9ATzyk5W7Hvzpa/SLYdxNtng+gcurvrI7TbACjIXlsJyr05/S1oUhZrc63evQA==",
      "requires": {
        "buffer-equal-constant-time": "1.0.1",
        "ecdsa-sig-formatter": "1.0.11",
        "safe-buffer": "^5.0.1"
      }
    },
    "jws": {
      "version": "3.2.2",
      "resolved": "https://registry.npmjs.org/jws/-/jws-3.2.2.tgz",
      "integrity": "sha512-YHlZCB6lMTllWDtSPHz/ZXTsi8S00usEV6v1tjq8tOUZzw7DpSDWVXjXDre6ed1w/pd495ODpHZYSdkRTsa0HA==",
      "requires": {
        "jwa": "^1.4.1",
        "safe-buffer": "^5.0.1"
      }
    },
    "lodash.includes": {
      "version": "4.3.0",
      "resolved": "https://registry.npmjs.org/lodash.includes/-/lodash.includes-4.3.0.tgz",
      "integrity": "sha512-W3Bx6mdkRTGtlJISOvVD/lbqjTlPPUDTMnlXZFnVwi9NKJ6tiAk6LVdlhZMm17VZisqhKcgzpO5Wz91PCt5b0w=="
    },
    "lodash.isboolean": {
      "version": "3.0.3",
      "resolved": "https://registry.npmjs.org/lodash.isboolean/-/lodash.isboolean-3.0.3.tgz",
      "integrity": "sha512-Bz5mupy2SVbPHURB98VAcw+aHh4vRV5IPNhILUCsOzRmsTmSQ17jIuqopAentWoehktxGd9e/hbIXq980/1QJg=="
    },
    "lodash.isinteger": {
      "version": "4.0.4",
      "resolved": "https://registry.npmjs.org/lodash.isinteger/-/lodash.isinteger-4.0.4.tgz",
      "integrity": "sha512-DBwtEWN2caHQ9/imiNeEA5ys1JoRtRfY3d7V9wkqtbycnAmTvRRmbHKDV4a0EYc678/dia0jrte4tjYwVBaZUA=="
    },
    "lodash.isnumber": {
      "version": "3.0.3",
      "resolved": "https://registry.npmjs.org/lodash.isnumber/-/lodash.isnumber-3.0.3.tgz",
      "integrity": "sha512-QYqzpfwO3/CWf3XP+Z+tkQsfaLL/EnUlXWVkIk5FUPc4sBdTehEqZONuyRt2P67PXAk+NXmTBcc97zw9t1FQrw=="
    },
    "lodash.isplainobject": {
      "version": "4.0.6",
      "resolved": "https://registry.npmjs.org/lodash.isplainobject/-/lodash.isplainobject-4.0.6.tgz",
      "integrity": "sha512-oSXzaWypCMHkPC3NvBEaPHf0KsA5mvPrOPgQWDsbg8n7orZ290M0BmC/jgRZ4vcJ6DTAhjrsSYgdsW/F+MFOBA=="
    },
    "lodash.isstring": {
      "version": "4.0.1",
      "resolved": "https://registry.npmjs.org/lodash.isstring/-/lodash.isstring-4.0.1.tgz",
      "integrity": "sha512-0wJxfxH1wgO3GrbuP+dTTk7op+6L41QCXbGINEmD+ny/G/eCqGzxyCsh7159S+mgDDcoarnBw6PC1PS5+wUGgw=="
    },
    "lodash.once": {
      "version": "4.1.1",
      "resolved": "https://registry.npmjs.org/lodash.once/-/lodash.once-4.1.1.tgz",
      "integrity": "sha512-Sb487aTOCr9drQVL8pIxOzVhafOjZN9UU54hiN8PU3uAiSV7lx1yYNpbNmex2PK6dSJoNTSJUUswT651yww3Mg=="
    },
    "lru-cache": {
      "version": "10.4.3",
      "resolved": "https://registry.npmjs.org/lru-cache/-/lru-cache-10.4.3.tgz",
      "integrity": "sha512-JNAzZcXrCt42VGLuYz0zfAzDfAvJWW6AfYlDBQyDV5DClI2m5sAmK+OIO7s59XfsRsWHp02jAJrRadPRGTt6SQ=="
    },
    "luxon": {
      "version": "3.4.4",
      "resolved": "https://registry.npmjs.org/luxon/-/luxon-3.4.4.tgz",
      "integrity": "sha512-zobTr7akeGHnv7eBOXcRgMeCP6+uyYsczwmeRCauvpvaAltgNyTbLH/+VaEAPUeWBT+1GuNmz4wC/6jtQzbbVA=="
    },
    "ms": {
      "version": "2.1.3",
      "resolved": "https://registry.npmjs.org/ms/-/ms-2.1.3.tgz",
      "integrity": "sha512-6FlzubTLZG3J2a/NVCAleEhjzq5oxgHyaCU9yYXvcLsvoVaHJq/s5xXI6/XXP6tz7R9xAOtHnSO/tXtF3WRTlA=="
    },
    "predicates": {
      "version": "2.0.3",
      "resolved": "https://registry.npmjs.org/predicates/-/predicates-2.0.3.tgz",
      "integrity": "sha512-eL+bhIiWrD+kx/olyYBcAFn258Oo9MTB7iehgBIaflVS8DBLuVtQvOpwgWwlya6YFUIiKaVoA3HaBNJuVNcyIA==",
      "requires": {
        "array-find": "^1.0.0"
      }
    },
    "safe-buffer": {
      "version": "5.2.1",
      "resolved": "https://registry.npmjs.org/safe-buffer/-/safe-buffer-5.2.1.tgz",
      "integrity": "sha512-rp3So07KcdmmKbGvgaNxQSJr7bGVSVk5S9Eq1F+ppbRo70+YeaDxkw5Dd8NPN+GD6bjnYm2VuPuCXmpuYvmCXQ=="
    },
    "semver": {
      "version": "7.6.2",
      "resolved": "https://registry.npmjs.org/semver/-/semver-7.6.2.tgz",
      "integrity": "sha512-FNAIBWCx9qcRhoHcgcJ0gvU7SN1lYU2ZXuSfl04bSC5OpvDHFyJCjdNHomPXxjQlCBU67YW64PzY7/VIEH7F2w=="
    },
    "tslib": {
      "version": "2.4.1",
      "resolved": "https://registry.npmjs.org/tslib/-/tslib-2.4.1.tgz",
      "integrity": "sha512-tGyy4dAjRIEwI7BzsB0lynWgOpfqjUdq91XXAlIWD2OwKBH7oCl/GZG/HT4BOHrTlPMOASlMQ7veyTqpmRcrNA=="
    },
    "zod": {
      "version": "3.23.8",
      "resolved": "https://registry.npmjs.org/zod/-/zod-3.23.8.tgz",
      "integrity": "sha512-XBx9AXhXktjUqnepgTiE5flcKIYWi/rme0Eaj+5Y0lftuGBq+jyRu/md4WnuxqgP1ubdpNCsYEYPxrzVHD8d6g==",
      "peer": true
    }
  }
}
