{
  "name": "@pallad/security-tokens-jwt",
  "version": "1.1.8",
  "lockfileVersion": 2,
  "requires": true,
  "packages": {
    "": {
      "name": "@pallad/security-tokens-jwt",
      "version": "1.1.8",
      "license": "MIT",
      "dependencies": {
        "@pallad/secret": "^1.0.2",
        "@sweet-monads/either": "^3",
        "@types/jsonwebtoken": "^9",
        "jsonwebtoken": "^9",
        "lru-cache": "^7",
        "moment": "2.*",
        "predicates": "^2.0.3",
        "tslib": "^2"
      },
      "peerDependencies": {
        "@pallad/security-tokens": "*"
      }
    },
    "node_modules/@pallad/builder": {
      "version": "1.0.1",
      "resolved": "https://registry.npmjs.org/@pallad/builder/-/builder-1.0.1.tgz",
      "integrity": "sha512-0P0vZ19MdS00BoSrFD8BOdTc+WEIHqp6E0x7XADj3yS+fsUEblJib2l8eAaaIkRKO7qZBQeC3zk+EODhpkZ3+w=="
    },
    "node_modules/@pallad/secret": {
      "version": "1.1.1",
      "resolved": "https://registry.npmjs.org/@pallad/secret/-/secret-1.1.1.tgz",
      "integrity": "sha512-pthoZPUqpx67ll2MDQF5xVv/qZjb8ATEqkHONVL5x5UAhMfegA+YEOoEx5J4NWBeQyqA7p8QkrmlmiuYXDaDDg==",
      "dependencies": {
        "predicates": "^2.0.3"
      },
      "peerDependencies": {
        "tslib": "^2"
      }
    },
    "node_modules/@pallad/security-tokens": {
      "version": "1.0.3",
      "resolved": "https://registry.npmjs.org/@pallad/security-tokens/-/security-tokens-1.0.3.tgz",
      "integrity": "sha512-dEkHQrHIAj+3yDxKgQjxDWMFcWax/EBEyvuvUx43FX9mpXqIe4BZNLhElZSjPstkJOvvRNA8jZ+0TwQPG76HSA==",
      "peer": true,
      "dependencies": {
        "@pallad/type-check": "^1.2.0",
        "alpha-errors": "^0.3.0",
        "monet": "^0.9.1",
        "tslib": "^1.10.0"
      }
    },
    "node_modules/@pallad/security-tokens/node_modules/alpha-errors": {
      "version": "0.3.0",
      "resolved": "https://registry.npmjs.org/alpha-errors/-/alpha-errors-0.3.0.tgz",
      "integrity": "sha512-CfXC59Q3qJhoMdRf9Jmcax2nYxZSqT8NWn+gvZcVYYebioqDEZbO8ZYqOe2aeaaaq7gfTY2LHtAt9t77Mdqh0A==",
      "peer": true
    },
    "node_modules/@pallad/security-tokens/node_modules/tslib": {
      "version": "1.14.1",
      "resolved": "https://registry.npmjs.org/tslib/-/tslib-1.14.1.tgz",
      "integrity": "sha512-Xni35NKzjgMrwevysHTCArtLDpPvye8zV/0E4EyYn43P7/7qvQwPh9BGkHewbMulVntbigmcT7rdX3BNo9wRJg==",
      "peer": true
    },
    "node_modules/@pallad/type-check": {
      "version": "1.2.0",
      "resolved": "https://registry.npmjs.org/@pallad/type-check/-/type-check-1.2.0.tgz",
      "integrity": "sha512-l3b6qF2XEOPZKm2RXgHA1vOH5BcCPNnrvKX7syPXmdQ8PMxs84rNIrNNmoKk+LcPT/EJB157/rYjvDD2L1uISA==",
      "peer": true
    },
    "node_modules/@sweet-monads/either": {
      "version": "3.1.0",
      "resolved": "https://registry.npmjs.org/@sweet-monads/either/-/either-3.1.0.tgz",
      "integrity": "sha512-GiKUqzwj2602FCJo+sFMYyuo8OS1rmknSLRSJmjvnKqkyo+OXEqAhw9tAASH/SvCC7OC7IEEUvarocWMuB9pdg==",
      "dependencies": {
        "@sweet-monads/interfaces": "^3.1.0"
      }
    },
    "node_modules/@sweet-monads/interfaces": {
      "version": "3.1.0",
      "resolved": "https://registry.npmjs.org/@sweet-monads/interfaces/-/interfaces-3.1.0.tgz",
      "integrity": "sha512-/65uh95U8yWmnVQVQWPh6v49vTDomXYttDJot86JOpWjP2gpStnPX02uTH/WMla0vfGb5KP7mFZMKUvom/QqkA=="
    },
    "node_modules/@types/jsonwebtoken": {
      "version": "8.5.9",
      "resolved": "https://registry.npmjs.org/@types/jsonwebtoken/-/jsonwebtoken-8.5.9.tgz",
      "integrity": "sha512-272FMnFGzAVMGtu9tkr29hRL6bZj4Zs1KZNeHLnKqAvp06tAIcarTMwOh8/8bz4FmKRcMxZhZNeUAQsNLoiPhg==",
      "dependencies": {
        "@types/node": "*"
      }
    },
    "node_modules/@types/node": {
      "version": "18.11.9",
      "resolved": "https://registry.npmjs.org/@types/node/-/node-18.11.9.tgz",
      "integrity": "sha512-CRpX21/kGdzjOpFsZSkcrXMGIBWMGNIHXXBVFSH+ggkftxg+XYP20TESbh+zFvFj3EQOl5byk0HTRn1IL6hbqg=="
    },
    "node_modules/alpha-errors": {
      "version": "0.4.0",
      "resolved": "https://registry.npmjs.org/alpha-errors/-/alpha-errors-0.4.0.tgz",
      "integrity": "sha512-5wPqDzK6AuSVFWIy5wI8UQDziDiSX/LIOf50kvwJUseiXGAL7d3bTlgwQokC8BF0l8OiwKHCeQjj4CQf1EfUAQ==",
      "dependencies": {
        "@pallad/builder": "^1.0.1"
      }
    },
    "node_modules/array-find": {
      "version": "1.0.0",
      "resolved": "https://registry.npmjs.org/array-find/-/array-find-1.0.0.tgz",
      "integrity": "sha512-kO/vVCacW9mnpn3WPWbTVlEnOabK2L7LWi2HViURtCM46y1zb6I8UMjx4LgbiqadTgHnLInUronwn3ampNTJtQ=="
    },
    "node_modules/buffer-equal-constant-time": {
      "version": "1.0.1",
      "resolved": "https://registry.npmjs.org/buffer-equal-constant-time/-/buffer-equal-constant-time-1.0.1.tgz",
      "integrity": "sha512-zRpUiDwd/xk6ADqPMATG8vc9VPrkck7T07OIx0gnjmJAnHnTVXNQG3vfvWNuiZIkwu9KrKdA1iJKfsfTVxE6NA=="
    },
    "node_modules/ecdsa-sig-formatter": {
      "version": "1.0.11",
      "resolved": "https://registry.npmjs.org/ecdsa-sig-formatter/-/ecdsa-sig-formatter-1.0.11.tgz",
      "integrity": "sha512-nagl3RYrbNv6kQkeJIpt6NJZy8twLB/2vtz6yN9Z4vRKHN4/QZJIEbqohALSgwKdnksuY3k5Addp5lg8sVoVcQ==",
      "dependencies": {
        "safe-buffer": "^5.0.1"
      }
    },
    "node_modules/jsonwebtoken": {
      "version": "8.5.1",
      "resolved": "https://registry.npmjs.org/jsonwebtoken/-/jsonwebtoken-8.5.1.tgz",
      "integrity": "sha512-XjwVfRS6jTMsqYs0EsuJ4LGxXV14zQybNd4L2r0UvbVnSF9Af8x7p5MzbJ90Ioz/9TI41/hTCvznF/loiSzn8w==",
      "dependencies": {
        "jws": "^3.2.2",
        "lodash.includes": "^4.3.0",
        "lodash.isboolean": "^3.0.3",
        "lodash.isinteger": "^4.0.4",
        "lodash.isnumber": "^3.0.3",
        "lodash.isplainobject": "^4.0.6",
        "lodash.isstring": "^4.0.1",
        "lodash.once": "^4.0.0",
        "ms": "^2.1.1",
        "semver": "^5.6.0"
      },
      "engines": {
        "node": ">=4",
        "npm": ">=1.4.28"
      }
    },
    "node_modules/jwa": {
      "version": "1.4.1",
      "resolved": "https://registry.npmjs.org/jwa/-/jwa-1.4.1.tgz",
      "integrity": "sha512-qiLX/xhEEFKUAJ6FiBMbes3w9ATzyk5W7Hvzpa/SLYdxNtng+gcurvrI7TbACjIXlsJyr05/S1oUhZrc63evQA==",
      "dependencies": {
        "buffer-equal-constant-time": "1.0.1",
        "ecdsa-sig-formatter": "1.0.11",
        "safe-buffer": "^5.0.1"
      }
    },
    "node_modules/jws": {
      "version": "3.2.2",
      "resolved": "https://registry.npmjs.org/jws/-/jws-3.2.2.tgz",
      "integrity": "sha512-YHlZCB6lMTllWDtSPHz/ZXTsi8S00usEV6v1tjq8tOUZzw7DpSDWVXjXDre6ed1w/pd495ODpHZYSdkRTsa0HA==",
      "dependencies": {
        "jwa": "^1.4.1",
        "safe-buffer": "^5.0.1"
      }
    },
    "node_modules/lodash.includes": {
      "version": "4.3.0",
      "resolved": "https://registry.npmjs.org/lodash.includes/-/lodash.includes-4.3.0.tgz",
      "integrity": "sha512-W3Bx6mdkRTGtlJISOvVD/lbqjTlPPUDTMnlXZFnVwi9NKJ6tiAk6LVdlhZMm17VZisqhKcgzpO5Wz91PCt5b0w=="
    },
    "node_modules/lodash.isboolean": {
      "version": "3.0.3",
      "resolved": "https://registry.npmjs.org/lodash.isboolean/-/lodash.isboolean-3.0.3.tgz",
      "integrity": "sha512-Bz5mupy2SVbPHURB98VAcw+aHh4vRV5IPNhILUCsOzRmsTmSQ17jIuqopAentWoehktxGd9e/hbIXq980/1QJg=="
    },
    "node_modules/lodash.isinteger": {
      "version": "4.0.4",
      "resolved": "https://registry.npmjs.org/lodash.isinteger/-/lodash.isinteger-4.0.4.tgz",
      "integrity": "sha512-DBwtEWN2caHQ9/imiNeEA5ys1JoRtRfY3d7V9wkqtbycnAmTvRRmbHKDV4a0EYc678/dia0jrte4tjYwVBaZUA=="
    },
    "node_modules/lodash.isnumber": {
      "version": "3.0.3",
      "resolved": "https://registry.npmjs.org/lodash.isnumber/-/lodash.isnumber-3.0.3.tgz",
      "integrity": "sha512-QYqzpfwO3/CWf3XP+Z+tkQsfaLL/EnUlXWVkIk5FUPc4sBdTehEqZONuyRt2P67PXAk+NXmTBcc97zw9t1FQrw=="
    },
    "node_modules/lodash.isplainobject": {
      "version": "4.0.6",
      "resolved": "https://registry.npmjs.org/lodash.isplainobject/-/lodash.isplainobject-4.0.6.tgz",
      "integrity": "sha512-oSXzaWypCMHkPC3NvBEaPHf0KsA5mvPrOPgQWDsbg8n7orZ290M0BmC/jgRZ4vcJ6DTAhjrsSYgdsW/F+MFOBA=="
    },
    "node_modules/lodash.isstring": {
      "version": "4.0.1",
      "resolved": "https://registry.npmjs.org/lodash.isstring/-/lodash.isstring-4.0.1.tgz",
      "integrity": "sha512-0wJxfxH1wgO3GrbuP+dTTk7op+6L41QCXbGINEmD+ny/G/eCqGzxyCsh7159S+mgDDcoarnBw6PC1PS5+wUGgw=="
    },
    "node_modules/lodash.once": {
      "version": "4.1.1",
      "resolved": "https://registry.npmjs.org/lodash.once/-/lodash.once-4.1.1.tgz",
      "integrity": "sha512-Sb487aTOCr9drQVL8pIxOzVhafOjZN9UU54hiN8PU3uAiSV7lx1yYNpbNmex2PK6dSJoNTSJUUswT651yww3Mg=="
    },
    "node_modules/lru-cache": {
      "version": "7.14.1",
      "resolved": "https://registry.npmjs.org/lru-cache/-/lru-cache-7.14.1.tgz",
      "integrity": "sha512-ysxwsnTKdAx96aTRdhDOCQfDgbHnt8SK0KY8SEjO0wHinhWOFTESbjVCMPbU1uGXg/ch4lifqx0wfjOawU2+WA==",
      "engines": {
        "node": ">=12"
      }
    },
    "node_modules/moment": {
      "version": "2.29.4",
      "resolved": "https://registry.npmjs.org/moment/-/moment-2.29.4.tgz",
      "integrity": "sha512-5LC9SOxjSc2HF6vO2CyuTDNivEdoz2IvyJJGj6X8DJ0eFyfszE0QiEd+iXmBvUP3WHxSjFH/vIsA0EN00cgr8w==",
      "engines": {
        "node": "*"
      }
    },
    "node_modules/monet": {
      "version": "0.9.3",
      "resolved": "https://registry.npmjs.org/monet/-/monet-0.9.3.tgz",
      "integrity": "sha512-t1hzyR2uXrkENSn1cZC487Tb6FcLUMBvRnCvTT/1SE/uJy6OJR2l9tb80p+tZOuopFK4+Ch4gy0vxr9nkqxT/w==",
      "peer": true,
      "engines": {
        "node": ">=12",
        "npm": ">=6"
      }
    },
    "node_modules/ms": {
      "version": "2.1.3",
      "resolved": "https://registry.npmjs.org/ms/-/ms-2.1.3.tgz",
      "integrity": "sha512-6FlzubTLZG3J2a/NVCAleEhjzq5oxgHyaCU9yYXvcLsvoVaHJq/s5xXI6/XXP6tz7R9xAOtHnSO/tXtF3WRTlA=="
    },
    "node_modules/predicates": {
      "version": "2.0.3",
      "resolved": "https://registry.npmjs.org/predicates/-/predicates-2.0.3.tgz",
      "integrity": "sha512-eL+bhIiWrD+kx/olyYBcAFn258Oo9MTB7iehgBIaflVS8DBLuVtQvOpwgWwlya6YFUIiKaVoA3HaBNJuVNcyIA==",
      "dependencies": {
        "array-find": "^1.0.0"
      },
      "engines": {
        "node": ">=4.3"
      }
    },
    "node_modules/safe-buffer": {
      "version": "5.2.1",
      "resolved": "https://registry.npmjs.org/safe-buffer/-/safe-buffer-5.2.1.tgz",
      "integrity": "sha512-rp3So07KcdmmKbGvgaNxQSJr7bGVSVk5S9Eq1F+ppbRo70+YeaDxkw5Dd8NPN+GD6bjnYm2VuPuCXmpuYvmCXQ==",
      "funding": [
        {
          "type": "github",
          "url": "https://github.com/sponsors/feross"
        },
        {
          "type": "patreon",
          "url": "https://www.patreon.com/feross"
        },
        {
          "type": "consulting",
          "url": "https://feross.org/support"
        }
      ]
    },
    "node_modules/semver": {
      "version": "5.7.1",
      "resolved": "https://registry.npmjs.org/semver/-/semver-5.7.1.tgz",
      "integrity": "sha512-sauaDf/PZdVgrLTNYHRtpXa1iRiKcaebiKQ1BJdpQlWH2lCvexQdX55snPFyK7QzpudqbCI0qXFfOasHdyNDGQ==",
      "bin": {
        "semver": "bin/semver"
      }
    },
    "node_modules/tslib": {
      "version": "2.4.1",
      "resolved": "https://registry.npmjs.org/tslib/-/tslib-2.4.1.tgz",
      "integrity": "sha512-tGyy4dAjRIEwI7BzsB0lynWgOpfqjUdq91XXAlIWD2OwKBH7oCl/GZG/HT4BOHrTlPMOASlMQ7veyTqpmRcrNA=="
    }
  },
  "dependencies": {
    "@pallad/builder": {
      "version": "1.0.1",
      "resolved": "https://registry.npmjs.org/@pallad/builder/-/builder-1.0.1.tgz",
      "integrity": "sha512-0P0vZ19MdS00BoSrFD8BOdTc+WEIHqp6E0x7XADj3yS+fsUEblJib2l8eAaaIkRKO7qZBQeC3zk+EODhpkZ3+w=="
    },
    "@pallad/secret": {
      "version": "1.1.1",
      "resolved": "https://registry.npmjs.org/@pallad/secret/-/secret-1.1.1.tgz",
      "integrity": "sha512-pthoZPUqpx67ll2MDQF5xVv/qZjb8ATEqkHONVL5x5UAhMfegA+YEOoEx5J4NWBeQyqA7p8QkrmlmiuYXDaDDg==",
      "requires": {
        "predicates": "^2.0.3"
      }
    },
    "@pallad/security-tokens": {
      "version": "1.0.3",
      "resolved": "https://registry.npmjs.org/@pallad/security-tokens/-/security-tokens-1.0.3.tgz",
      "integrity": "sha512-dEkHQrHIAj+3yDxKgQjxDWMFcWax/EBEyvuvUx43FX9mpXqIe4BZNLhElZSjPstkJOvvRNA8jZ+0TwQPG76HSA==",
      "peer": true,
      "requires": {
        "@pallad/type-check": "^1.2.0",
        "alpha-errors": "^0.3.0",
        "monet": "^0.9.1",
        "tslib": "^1.10.0"
      },
      "dependencies": {
        "alpha-errors": {
          "version": "0.3.0",
          "resolved": "https://registry.npmjs.org/alpha-errors/-/alpha-errors-0.3.0.tgz",
          "integrity": "sha512-CfXC59Q3qJhoMdRf9Jmcax2nYxZSqT8NWn+gvZcVYYebioqDEZbO8ZYqOe2aeaaaq7gfTY2LHtAt9t77Mdqh0A==",
          "peer": true
        },
        "tslib": {
          "version": "1.14.1",
          "resolved": "https://registry.npmjs.org/tslib/-/tslib-1.14.1.tgz",
          "integrity": "sha512-Xni35NKzjgMrwevysHTCArtLDpPvye8zV/0E4EyYn43P7/7qvQwPh9BGkHewbMulVntbigmcT7rdX3BNo9wRJg==",
          "peer": true
        }
      }
    },
    "@pallad/type-check": {
      "version": "1.2.0",
      "resolved": "https://registry.npmjs.org/@pallad/type-check/-/type-check-1.2.0.tgz",
      "integrity": "sha512-l3b6qF2XEOPZKm2RXgHA1vOH5BcCPNnrvKX7syPXmdQ8PMxs84rNIrNNmoKk+LcPT/EJB157/rYjvDD2L1uISA==",
      "peer": true
    },
    "@sweet-monads/either": {
      "version": "3.1.0",
      "resolved": "https://registry.npmjs.org/@sweet-monads/either/-/either-3.1.0.tgz",
      "integrity": "sha512-GiKUqzwj2602FCJo+sFMYyuo8OS1rmknSLRSJmjvnKqkyo+OXEqAhw9tAASH/SvCC7OC7IEEUvarocWMuB9pdg==",
      "requires": {
        "@sweet-monads/interfaces": "^3.1.0"
      }
    },
    "@sweet-monads/interfaces": {
      "version": "3.1.0",
      "resolved": "https://registry.npmjs.org/@sweet-monads/interfaces/-/interfaces-3.1.0.tgz",
      "integrity": "sha512-/65uh95U8yWmnVQVQWPh6v49vTDomXYttDJot86JOpWjP2gpStnPX02uTH/WMla0vfGb5KP7mFZMKUvom/QqkA=="
    },
    "@types/jsonwebtoken": {
      "version": "8.5.9",
      "resolved": "https://registry.npmjs.org/@types/jsonwebtoken/-/jsonwebtoken-8.5.9.tgz",
      "integrity": "sha512-272FMnFGzAVMGtu9tkr29hRL6bZj4Zs1KZNeHLnKqAvp06tAIcarTMwOh8/8bz4FmKRcMxZhZNeUAQsNLoiPhg==",
      "requires": {
        "@types/node": "*"
      }
    },
    "@types/node": {
      "version": "18.11.9",
      "resolved": "https://registry.npmjs.org/@types/node/-/node-18.11.9.tgz",
      "integrity": "sha512-CRpX21/kGdzjOpFsZSkcrXMGIBWMGNIHXXBVFSH+ggkftxg+XYP20TESbh+zFvFj3EQOl5byk0HTRn1IL6hbqg=="
    },
    "alpha-errors": {
      "version": "0.4.0",
      "resolved": "https://registry.npmjs.org/alpha-errors/-/alpha-errors-0.4.0.tgz",
      "integrity": "sha512-5wPqDzK6AuSVFWIy5wI8UQDziDiSX/LIOf50kvwJUseiXGAL7d3bTlgwQokC8BF0l8OiwKHCeQjj4CQf1EfUAQ==",
      "requires": {
        "@pallad/builder": "^1.0.1"
      }
    },
    "array-find": {
      "version": "1.0.0",
      "resolved": "https://registry.npmjs.org/array-find/-/array-find-1.0.0.tgz",
      "integrity": "sha512-kO/vVCacW9mnpn3WPWbTVlEnOabK2L7LWi2HViURtCM46y1zb6I8UMjx4LgbiqadTgHnLInUronwn3ampNTJtQ=="
    },
    "buffer-equal-constant-time": {
      "version": "1.0.1",
      "resolved": "https://registry.npmjs.org/buffer-equal-constant-time/-/buffer-equal-constant-time-1.0.1.tgz",
      "integrity": "sha512-zRpUiDwd/xk6ADqPMATG8vc9VPrkck7T07OIx0gnjmJAnHnTVXNQG3vfvWNuiZIkwu9KrKdA1iJKfsfTVxE6NA=="
    },
    "ecdsa-sig-formatter": {
      "version": "1.0.11",
      "resolved": "https://registry.npmjs.org/ecdsa-sig-formatter/-/ecdsa-sig-formatter-1.0.11.tgz",
      "integrity": "sha512-nagl3RYrbNv6kQkeJIpt6NJZy8twLB/2vtz6yN9Z4vRKHN4/QZJIEbqohALSgwKdnksuY3k5Addp5lg8sVoVcQ==",
      "requires": {
        "safe-buffer": "^5.0.1"
      }
    },
    "jsonwebtoken": {
      "version": "8.5.1",
      "resolved": "https://registry.npmjs.org/jsonwebtoken/-/jsonwebtoken-8.5.1.tgz",
      "integrity": "sha512-XjwVfRS6jTMsqYs0EsuJ4LGxXV14zQybNd4L2r0UvbVnSF9Af8x7p5MzbJ90Ioz/9TI41/hTCvznF/loiSzn8w==",
      "requires": {
        "jws": "^3.2.2",
        "lodash.includes": "^4.3.0",
        "lodash.isboolean": "^3.0.3",
        "lodash.isinteger": "^4.0.4",
        "lodash.isnumber": "^3.0.3",
        "lodash.isplainobject": "^4.0.6",
        "lodash.isstring": "^4.0.1",
        "lodash.once": "^4.0.0",
        "ms": "^2.1.1",
        "semver": "^5.6.0"
      }
    },
    "jwa": {
      "version": "1.4.1",
      "resolved": "https://registry.npmjs.org/jwa/-/jwa-1.4.1.tgz",
      "integrity": "sha512-qiLX/xhEEFKUAJ6FiBMbes3w9ATzyk5W7Hvzpa/SLYdxNtng+gcurvrI7TbACjIXlsJyr05/S1oUhZrc63evQA==",
      "requires": {
        "buffer-equal-constant-time": "1.0.1",
        "ecdsa-sig-formatter": "1.0.11",
        "safe-buffer": "^5.0.1"
      }
    },
    "jws": {
      "version": "3.2.2",
      "resolved": "https://registry.npmjs.org/jws/-/jws-3.2.2.tgz",
      "integrity": "sha512-YHlZCB6lMTllWDtSPHz/ZXTsi8S00usEV6v1tjq8tOUZzw7DpSDWVXjXDre6ed1w/pd495ODpHZYSdkRTsa0HA==",
      "requires": {
        "jwa": "^1.4.1",
        "safe-buffer": "^5.0.1"
      }
    },
    "lodash.includes": {
      "version": "4.3.0",
      "resolved": "https://registry.npmjs.org/lodash.includes/-/lodash.includes-4.3.0.tgz",
      "integrity": "sha512-W3Bx6mdkRTGtlJISOvVD/lbqjTlPPUDTMnlXZFnVwi9NKJ6tiAk6LVdlhZMm17VZisqhKcgzpO5Wz91PCt5b0w=="
    },
    "lodash.isboolean": {
      "version": "3.0.3",
      "resolved": "https://registry.npmjs.org/lodash.isboolean/-/lodash.isboolean-3.0.3.tgz",
      "integrity": "sha512-Bz5mupy2SVbPHURB98VAcw+aHh4vRV5IPNhILUCsOzRmsTmSQ17jIuqopAentWoehktxGd9e/hbIXq980/1QJg=="
    },
    "lodash.isinteger": {
      "version": "4.0.4",
      "resolved": "https://registry.npmjs.org/lodash.isinteger/-/lodash.isinteger-4.0.4.tgz",
      "integrity": "sha512-DBwtEWN2caHQ9/imiNeEA5ys1JoRtRfY3d7V9wkqtbycnAmTvRRmbHKDV4a0EYc678/dia0jrte4tjYwVBaZUA=="
    },
    "lodash.isnumber": {
      "version": "3.0.3",
      "resolved": "https://registry.npmjs.org/lodash.isnumber/-/lodash.isnumber-3.0.3.tgz",
      "integrity": "sha512-QYqzpfwO3/CWf3XP+Z+tkQsfaLL/EnUlXWVkIk5FUPc4sBdTehEqZONuyRt2P67PXAk+NXmTBcc97zw9t1FQrw=="
    },
    "lodash.isplainobject": {
      "version": "4.0.6",
      "resolved": "https://registry.npmjs.org/lodash.isplainobject/-/lodash.isplainobject-4.0.6.tgz",
      "integrity": "sha512-oSXzaWypCMHkPC3NvBEaPHf0KsA5mvPrOPgQWDsbg8n7orZ290M0BmC/jgRZ4vcJ6DTAhjrsSYgdsW/F+MFOBA=="
    },
    "lodash.isstring": {
      "version": "4.0.1",
      "resolved": "https://registry.npmjs.org/lodash.isstring/-/lodash.isstring-4.0.1.tgz",
      "integrity": "sha512-0wJxfxH1wgO3GrbuP+dTTk7op+6L41QCXbGINEmD+ny/G/eCqGzxyCsh7159S+mgDDcoarnBw6PC1PS5+wUGgw=="
    },
    "lodash.once": {
      "version": "4.1.1",
      "resolved": "https://registry.npmjs.org/lodash.once/-/lodash.once-4.1.1.tgz",
      "integrity": "sha512-Sb487aTOCr9drQVL8pIxOzVhafOjZN9UU54hiN8PU3uAiSV7lx1yYNpbNmex2PK6dSJoNTSJUUswT651yww3Mg=="
    },
    "lru-cache": {
      "version": "7.14.1",
      "resolved": "https://registry.npmjs.org/lru-cache/-/lru-cache-7.14.1.tgz",
      "integrity": "sha512-ysxwsnTKdAx96aTRdhDOCQfDgbHnt8SK0KY8SEjO0wHinhWOFTESbjVCMPbU1uGXg/ch4lifqx0wfjOawU2+WA=="
    },
    "moment": {
      "version": "2.29.4",
      "resolved": "https://registry.npmjs.org/moment/-/moment-2.29.4.tgz",
      "integrity": "sha512-5LC9SOxjSc2HF6vO2CyuTDNivEdoz2IvyJJGj6X8DJ0eFyfszE0QiEd+iXmBvUP3WHxSjFH/vIsA0EN00cgr8w=="
    },
    "monet": {
      "version": "0.9.3",
      "resolved": "https://registry.npmjs.org/monet/-/monet-0.9.3.tgz",
      "integrity": "sha512-t1hzyR2uXrkENSn1cZC487Tb6FcLUMBvRnCvTT/1SE/uJy6OJR2l9tb80p+tZOuopFK4+Ch4gy0vxr9nkqxT/w==",
      "peer": true
    },
    "ms": {
      "version": "2.1.3",
      "resolved": "https://registry.npmjs.org/ms/-/ms-2.1.3.tgz",
      "integrity": "sha512-6FlzubTLZG3J2a/NVCAleEhjzq5oxgHyaCU9yYXvcLsvoVaHJq/s5xXI6/XXP6tz7R9xAOtHnSO/tXtF3WRTlA=="
    },
    "predicates": {
      "version": "2.0.3",
      "resolved": "https://registry.npmjs.org/predicates/-/predicates-2.0.3.tgz",
      "integrity": "sha512-eL+bhIiWrD+kx/olyYBcAFn258Oo9MTB7iehgBIaflVS8DBLuVtQvOpwgWwlya6YFUIiKaVoA3HaBNJuVNcyIA==",
      "requires": {
        "array-find": "^1.0.0"
      }
    },
    "safe-buffer": {
      "version": "5.2.1",
      "resolved": "https://registry.npmjs.org/safe-buffer/-/safe-buffer-5.2.1.tgz",
      "integrity": "sha512-rp3So07KcdmmKbGvgaNxQSJr7bGVSVk5S9Eq1F+ppbRo70+YeaDxkw5Dd8NPN+GD6bjnYm2VuPuCXmpuYvmCXQ=="
    },
    "semver": {
      "version": "5.7.1",
      "resolved": "https://registry.npmjs.org/semver/-/semver-5.7.1.tgz",
      "integrity": "sha512-sauaDf/PZdVgrLTNYHRtpXa1iRiKcaebiKQ1BJdpQlWH2lCvexQdX55snPFyK7QzpudqbCI0qXFfOasHdyNDGQ=="
    },
    "tslib": {
      "version": "2.4.1",
      "resolved": "https://registry.npmjs.org/tslib/-/tslib-2.4.1.tgz",
      "integrity": "sha512-tGyy4dAjRIEwI7BzsB0lynWgOpfqjUdq91XXAlIWD2OwKBH7oCl/GZG/HT4BOHrTlPMOASlMQ7veyTqpmRcrNA=="
    }
  }
}
