{
  "name": "@pallad/security-tokens",
  "version": "1.2.0",
  "lockfileVersion": 2,
  "requires": true,
  "packages": {
    "": {
      "name": "@pallad/security-tokens",
      "version": "1.2.0",
      "license": "MIT",
      "dependencies": {
        "@pallad/type-check": "^1.2.0",
        "tslib": "^1.10.0"
      }
    },
    "node_modules/@pallad/type-check": {
      "version": "1.2.0",
      "resolved": "https://registry.npmjs.org/@pallad/type-check/-/type-check-1.2.0.tgz",
      "integrity": "sha512-l3b6qF2XEOPZKm2RXgHA1vOH5BcCPNnrvKX7syPXmdQ8PMxs84rNIrNNmoKk+LcPT/EJB157/rYjvDD2L1uISA=="
    },
    "node_modules/alpha-errors": {
      "version": "0.3.0",
      "resolved": "https://registry.npmjs.org/alpha-errors/-/alpha-errors-0.3.0.tgz",
      "integrity": "sha512-CfXC59Q3qJhoMdRf9Jmcax2nYxZSqT8NWn+gvZcVYYebioqDEZbO8ZYqOe2aeaaaq7gfTY2LHtAt9t77Mdqh0A=="
    },
    "node_modules/tslib": {
      "version": "1.14.1",
      "resolved": "https://registry.npmjs.org/tslib/-/tslib-1.14.1.tgz",
      "integrity": "sha512-Xni35NKzjgMrwevysHTCArtLDpPvye8zV/0E4EyYn43P7/7qvQwPh9BGkHewbMulVntbigmcT7rdX3BNo9wRJg=="
    }
  },
  "dependencies": {
    "@pallad/type-check": {
      "version": "1.2.0",
      "resolved": "https://registry.npmjs.org/@pallad/type-check/-/type-check-1.2.0.tgz",
      "integrity": "sha512-l3b6qF2XEOPZKm2RXgHA1vOH5BcCPNnrvKX7syPXmdQ8PMxs84rNIrNNmoKk+LcPT/EJB157/rYjvDD2L1uISA=="
    },
    "alpha-errors": {
      "version": "0.3.0",
      "resolved": "https://registry.npmjs.org/alpha-errors/-/alpha-errors-0.3.0.tgz",
      "integrity": "sha512-CfXC59Q3qJhoMdRf9Jmcax2nYxZSqT8NWn+gvZcVYYebioqDEZbO8ZYqOe2aeaaaq7gfTY2LHtAt9t77Mdqh0A=="
    },
    "tslib": {
      "version": "1.14.1",
      "resolved": "https://registry.npmjs.org/tslib/-/tslib-1.14.1.tgz",
      "integrity": "sha512-Xni35NKzjgMrwevysHTCArtLDpPvye8zV/0E4EyYn43P7/7qvQwPh9BGkHewbMulVntbigmcT7rdX3BNo9wRJg=="
    }
  }
}
